<?xml version="1.0" encoding="utf-8"?>
<Project ToolsVersion="4.0" xmlns="http://schemas.microsoft.com/developer/msbuild/2003">
  <ItemGroup>
    <Filter Include="Source Files">
      <UniqueIdentifier>{4FC737F1-C7A5-4376-A066-2A32D752A2FF}</UniqueIdentifier>
      <Extensions>cpp;c;cc;cxx;def;odl;idl;hpj;bat;asm;asmx</Extensions>
    </Filter>
    <Filter Include="Header Files">
      <UniqueIdentifier>{93995380-89BD-4b04-88EB-625FBE52EBFB}</UniqueIdentifier>
      <Extensions>h;hpp;hxx;hm;inl;inc;xsd</Extensions>
    </Filter>
    <Filter Include="Resource Files">
      <UniqueIdentifier>{67DA6AB6-F800-4c08-8B7A-83BB121AAD01}</UniqueIdentifier>
      <Extensions>rc;ico;cur;bmp;dlg;rc2;rct;bin;rgs;gif;jpg;jpeg;jpe;resx;tiff;tif;png;wav;mfcribbon-ms</Extensions>
    </Filter>
  </ItemGroup>
  <ItemGroup>
    <ClCompile Include="main.cpp">
      <Filter>Source Files</Filter>
    </ClCompile>
    <ClCompile Include="converters\ConverterIntToFloat.cpp">
      <Filter>Source Files</Filter>
    </ClCompile>
    <ClCompile Include="converters\ConverterFloatToMeanFloat.cpp">
      <Filter>Source Files</Filter>
    </ClCompile>
    <ClCompile Include="DataSupplier\TestDataSupplier.cpp">
      <Filter>Source Files</Filter>
    </ClCompile>
    <ClCompile Include="StorageCursor.cpp">
      <Filter>Source Files</Filter>
    </ClCompile>
    <ClCompile Include="converters\ConverterTree.cpp">
      <Filter>Source Files</Filter>
    </ClCompile>
    <ClCompile Include="DataConsumer\TestDataConsumer.cpp">
      <Filter>Source Files</Filter>
    </ClCompile>
    <ClCompile Include="DataConsumer\GlDataConsumer.cpp">
      <Filter>Source Files</Filter>
    </ClCompile>
    <ClCompile Include="UserInterface.cpp">
      <Filter>Source Files</Filter>
    </ClCompile>
    <ClCompile Include="Visualizers\Visualizer.cpp">
      <Filter>Source Files</Filter>
    </ClCompile>
    <ClCompile Include="Visualizers\VisualizerPlainSignal.cpp">
      <Filter>Source Files</Filter>
    </ClCompile>
    <ClCompile Include="Visualizers\VisualizerFFT.cpp">
      <Filter>Source Files</Filter>
    </ClCompile>
    <ClCompile Include="DataSupplier\MicDataSupplier.cpp">
      <Filter>Source Files</Filter>
    </ClCompile>
    <ClCompile Include="Converters\ConverterIntTo-1+1.cpp">
      <Filter>Source Files</Filter>
    </ClCompile>
    <ClCompile Include="Converters\ConverterFloatToMovingMean.cpp">
      <Filter>Source Files</Filter>
    </ClCompile>
    <ClCompile Include="Converters\ConverterFloatToColors.cpp">
      <Filter>Source Files</Filter>
    </ClCompile>
    <ClCompile Include="Visualizers\VisualizerColorStrip.cpp">
      <Filter>Source Files</Filter>
    </ClCompile>
    <ClCompile Include="..\..\common\GlUtils\glDrawUtils.cpp">
      <Filter>Source Files</Filter>
    </ClCompile>
    <ClCompile Include="..\..\common\GlUtils\GlTextUtils.cpp">
      <Filter>Source Files</Filter>
    </ClCompile>
    <ClCompile Include="Converters\ConverterColorsToColorMatrix.cpp">
      <Filter>Source Files</Filter>
    </ClCompile>
    <ClCompile Include="Visualizers\VisualizerColorMatrix.cpp">
      <Filter>Source Files</Filter>
    </ClCompile>
    <ClCompile Include="Converters\ConverterColorMatrixToMeanColorMatrix.cpp">
      <Filter>Source Files</Filter>
    </ClCompile>
    <ClCompile Include="Converters\ConverterTreeBuilder.cpp">
      <Filter>Source Files</Filter>
    </ClCompile>
    <ClCompile Include="Visualizers\VisualizerListBuilder.cpp">
      <Filter>Source Files</Filter>
    </ClCompile>
    <ClCompile Include="Converters\ConverterFloatToFloatHistogram.cpp">
      <Filter>Source Files</Filter>
    </ClCompile>
    <ClCompile Include="Visualizers\VisualizerPlot1D.cpp">
      <Filter>Source Files</Filter>
    </ClCompile>
    <ClCompile Include="Converters\ConverterM1P1ToMeanStatistics.cpp">
      <Filter>Source Files</Filter>
    </ClCompile>
    <ClCompile Include="Converters\ConverterFloatToFloatDerivate.cpp">
      <Filter>Source Files</Filter>
    </ClCompile>
    <ClCompile Include="Converters\ConverterFilter.cpp">
      <Filter>Source Files</Filter>
    </ClCompile>
    <ClCompile Include="Converters\ConverterFunction.cpp">
      <Filter>Source Files</Filter>
    </ClCompile>
    <ClCompile Include="Converters\ConverterMixAllToOne.cpp">
      <Filter>Source Files</Filter>
    </ClCompile>
    <ClCompile Include="Converters\ConverterBreakOn3bitsNumbers.cpp">
      <Filter>Source Files</Filter>
    </ClCompile>
    <ClCompile Include="Visualizers\VisualizerMultiDimSignal.cpp">
      <Filter>Source Files</Filter>
    </ClCompile>
  </ItemGroup>
  <ItemGroup>
    <ClInclude Include="converters\ConverterIntToFloat.h">
      <Filter>Header Files</Filter>
    </ClInclude>
    <ClInclude Include="converters\ConverterFloatToMeanFloat.h">
      <Filter>Header Files</Filter>
    </ClInclude>
    <ClInclude Include="converters\Converter.h">
      <Filter>Header Files</Filter>
    </ClInclude>
    <ClInclude Include="DataSupplier\DataSupplier.h">
      <Filter>Header Files</Filter>
    </ClInclude>
    <ClInclude Include="DataSupplier\TestDataSupplier.h">
      <Filter>Header Files</Filter>
    </ClInclude>
    <ClInclude Include="Storage.h">
      <Filter>Header Files</Filter>
    </ClInclude>
    <ClInclude Include="StorageCursor.h">
      <Filter>Header Files</Filter>
    </ClInclude>
    <ClInclude Include="converters\ConverterTree.h">
      <Filter>Header Files</Filter>
    </ClInclude>
    <ClInclude Include="DataConsumer\DataConsumer.h">
      <Filter>Header Files</Filter>
    </ClInclude>
    <ClInclude Include="DataConsumer\TestDataConsumer.h">
      <Filter>Header Files</Filter>
    </ClInclude>
    <ClInclude Include="DataConsumer\GlDataConsumer.h">
      <Filter>Header Files</Filter>
    </ClInclude>
    <ClInclude Include="UserInterface.h">
      <Filter>Header Files</Filter>
    </ClInclude>
    <ClInclude Include="Visualizers\Visualizer.h">
      <Filter>Header Files</Filter>
    </ClInclude>
    <ClInclude Include="Visualizers\VisualizerFFT.h">
      <Filter>Header Files</Filter>
    </ClInclude>
    <ClInclude Include="Visualizers\VisualizerPlainSignal.h">
      <Filter>Header Files</Filter>
    </ClInclude>
    <ClInclude Include="DataSupplier\MicDataSupplier.h">
      <Filter>Header Files</Filter>
    </ClInclude>
    <ClInclude Include="Converters\ConverterIntTo-1+1.h">
      <Filter>Header Files</Filter>
    </ClInclude>
    <ClInclude Include="Converters\ConverterFloatToMovingMean.h">
      <Filter>Header Files</Filter>
    </ClInclude>
    <ClInclude Include="Converters\ConverterFloatToColors.h">
      <Filter>Header Files</Filter>
    </ClInclude>
    <ClInclude Include="Visualizers\VisualizerColorStrip.h">
      <Filter>Header Files</Filter>
    </ClInclude>
    <ClInclude Include="..\..\common\Geometry\GeometryStructures2D.h">
      <Filter>Header Files</Filter>
    </ClInclude>
    <ClInclude Include="..\..\common\Geometry\Vector3.h">
      <Filter>Header Files</Filter>
    </ClInclude>
    <ClInclude Include="..\..\common\GlUtils\glDrawUtils.h">
      <Filter>Header Files</Filter>
    </ClInclude>
    <ClInclude Include="..\..\common\GlUtils\GlTextUtils.h">
      <Filter>Header Files</Filter>
    </ClInclude>
    <ClInclude Include="Converters\ConverterColorsToColorMatrix.h">
      <Filter>Header Files</Filter>
    </ClInclude>
    <ClInclude Include="Visualizers\VisualizerColorMatrix.h">
      <Filter>Header Files</Filter>
    </ClInclude>
    <ClInclude Include="Converters\ConverterColorMatrixToMeanColorMatrix.h">
      <Filter>Header Files</Filter>
    </ClInclude>
    <ClInclude Include="Converters\ConverterTreeBuilder.h">
      <Filter>Header Files</Filter>
    </ClInclude>
    <ClInclude Include="Visualizers\VisualizerListBuilder.h">
      <Filter>Header Files</Filter>
    </ClInclude>
    <ClInclude Include="Converters\ConverterM1P1ToMeanStatistics.h">
      <Filter>Header Files</Filter>
    </ClInclude>
    <ClInclude Include="Converters\ConverterFloatToFloatHistogram.h">
      <Filter>Header Files</Filter>
    </ClInclude>
    <ClInclude Include="Visualizers\VisualizerPlot1D.h">
      <Filter>Header Files</Filter>
    </ClInclude>
    <ClInclude Include="Converters\ConverterFloatToFloatDerivate.h">
      <Filter>Header Files</Filter>
    </ClInclude>
    <ClInclude Include="Converters\ConverterFilter.h">
      <Filter>Header Files</Filter>
    </ClInclude>
    <ClInclude Include="Converters\ConverterFunction.h">
      <Filter>Header Files</Filter>
    </ClInclude>
    <ClInclude Include="Converters\ConverterMixAllToOne.h">
      <Filter>Header Files</Filter>
    </ClInclude>
    <ClInclude Include="Converters\ConverterBreakOn3bitsNumbers.h">
      <Filter>Header Files</Filter>
    </ClInclude>
    <ClInclude Include="Visualizers\VisualizerMultiDimSignal.h">
      <Filter>Header Files</Filter>
    </ClInclude>
  </ItemGroup>
</Project>